
Microsoft Visual Studio Solution File, Format Version 12.00
# Visual Studio Version 17
VisualStudioVersion = 17.0.31903.59
MinimumVisualStudioVersion = 10.0.40219.1
Project("{2150E333-8FDC-42A3-9474-1A3956D46DE8}") = "src", "src", "{95C1580C-95CB-4F10-BDF6-B6DC55F6CFCA}"
EndProject
Project("{2150E333-8FDC-42A3-9474-1A3956D46DE8}") = "shared", "shared", "{B5D959DD-7ACD-4EA7-A096-90DBD4BD6EB9}"
EndProject
Project("{9A19103F-16F7-4668-BE54-9A1E7A4F7556}") = "KlabTestFramework.Shared.Parameters.Tests", "src\shared\KlabTestFramework.Shared.Parameters.Tests\KlabTestFramework.Shared.Parameters.Tests.csproj", "{D20E753F-1F46-4B21-AF81-4C7AD92860C8}"
EndProject
Project("{9A19103F-16F7-4668-BE54-9A1E7A4F7556}") = "KlabTestFramework.Shared.Parameters", "src\shared\KlabTestFramework.Shared.Parameters\KlabTestFramework.Shared.Parameters.csproj", "{AFB286B0-4F3B-44AF-A7E3-C76CAB466143}"
EndProject
Project("{2150E333-8FDC-42A3-9474-1A3956D46DE8}") = "workflow", "workflow", "{3F94BD6F-A723-44CD-94B3-EA33173A3BA0}"
EndProject
Project("{9A19103F-16F7-4668-BE54-9A1E7A4F7556}") = "KlabTestFramework.Workflow.Lib", "src\workflow\KlabTestFramework.Workflow.Lib\KlabTestFramework.Workflow.Lib.csproj", "{270B0131-EFD0-47F4-94BB-160E58D2BACC}"
EndProject
Project("{2150E333-8FDC-42A3-9474-1A3956D46DE8}") = "samples", "samples", "{116279CD-FAB6-410E-89AE-49E25CE34363}"
EndProject
Project("{2150E333-8FDC-42A3-9474-1A3956D46DE8}") = "workflow", "workflow", "{81397A88-CBE6-4441-8BAF-BF4CD9FB1506}"
EndProject
Project("{9A19103F-16F7-4668-BE54-9A1E7A4F7556}") = "WorkflowConsoleExample", "samples\workflow\WorkflowConsoleExample\WorkflowConsoleExample.csproj", "{EB611A55-F676-4743-8758-E75E263AF6E4}"
EndProject
Project("{FAE04EC0-301F-11D3-BF4B-00C04F79EFBC}") = "KlabTestFramework.Workflow.Lib.Tests", "src\workflow\KlabTestFramework.Workflow.Lib.Tests\KlabTestFramework.Workflow.Lib.Tests.csproj", "{1DC82B75-62B7-480E-A6C9-D5FBF3EAC1F0}"
EndProject
Project("{FAE04EC0-301F-11D3-BF4B-00C04F79EFBC}") = "KlabTestFramework.Shared.Services", "src\shared\KlabTestFramework.Shared.Services\KlabTestFramework.Shared.Services.csproj", "{B08752D0-1042-4D6E-96B6-09D94C58381D}"
EndProject
Project("{2150E333-8FDC-42A3-9474-1A3956D46DE8}") = "system", "system", "{B9BA4018-CE64-442A-A0AD-3C0508FB5C69}"
EndProject
Project("{FAE04EC0-301F-11D3-BF4B-00C04F79EFBC}") = "KlabTestFramework.System.Lib", "src\system\KlabTestFramework.System.Lib\KlabTestFramework.System.Lib.csproj", "{9F117828-210B-4D87-9B8B-A10EDA25B77A}"
EndProject
Project("{2150E333-8FDC-42A3-9474-1A3956D46DE8}") = "system", "system", "{BC3210BE-4B0C-423E-B067-17A941595904}"
EndProject
Project("{FAE04EC0-301F-11D3-BF4B-00C04F79EFBC}") = "SystemConsoleExample", "samples\system\SystemConsoleExample\SystemConsoleExample.csproj", "{B4C09B4F-4D66-4D5F-AB77-80F0BEBDD841}"
EndProject
Project("{FAE04EC0-301F-11D3-BF4B-00C04F79EFBC}") = "KlabTestFramework.System.Abstractions", "src\system\KlabTestFramework.System.Abstractions\KlabTestFramework.System.Abstractions.csproj", "{795F606A-E731-45FE-92E9-220938E01432}"
EndProject
Project("{FAE04EC0-301F-11D3-BF4B-00C04F79EFBC}") = "KlabTestFramework.System.Types.Dummy", "src\system\KlabTestFramework.System.Types.Dummy\KlabTestFramework.System.Types.Dummy.csproj", "{341F3D7C-43D5-4575-92CC-DC3AA75C706B}"
EndProject
Global
	GlobalSection(SolutionConfigurationPlatforms) = preSolution
		Debug|Any CPU = Debug|Any CPU
		Debug|x64 = Debug|x64
		Debug|x86 = Debug|x86
		Release|Any CPU = Release|Any CPU
		Release|x64 = Release|x64
		Release|x86 = Release|x86
	EndGlobalSection
	GlobalSection(ProjectConfigurationPlatforms) = postSolution
		{D20E753F-1F46-4B21-AF81-4C7AD92860C8}.Debug|Any CPU.ActiveCfg = Debug|x64
		{D20E753F-1F46-4B21-AF81-4C7AD92860C8}.Debug|Any CPU.Build.0 = Debug|x64
		{D20E753F-1F46-4B21-AF81-4C7AD92860C8}.Debug|x64.ActiveCfg = Debug|x64
		{D20E753F-1F46-4B21-AF81-4C7AD92860C8}.Debug|x64.Build.0 = Debug|x64
		{D20E753F-1F46-4B21-AF81-4C7AD92860C8}.Debug|x86.ActiveCfg = Debug|x64
		{D20E753F-1F46-4B21-AF81-4C7AD92860C8}.Debug|x86.Build.0 = Debug|x64
		{D20E753F-1F46-4B21-AF81-4C7AD92860C8}.Release|Any CPU.ActiveCfg = Release|x64
		{D20E753F-1F46-4B21-AF81-4C7AD92860C8}.Release|Any CPU.Build.0 = Release|x64
		{D20E753F-1F46-4B21-AF81-4C7AD92860C8}.Release|x64.ActiveCfg = Release|x64
		{D20E753F-1F46-4B21-AF81-4C7AD92860C8}.Release|x64.Build.0 = Release|x64
		{D20E753F-1F46-4B21-AF81-4C7AD92860C8}.Release|x86.ActiveCfg = Release|x64
		{D20E753F-1F46-4B21-AF81-4C7AD92860C8}.Release|x86.Build.0 = Release|x64
		{AFB286B0-4F3B-44AF-A7E3-C76CAB466143}.Debug|Any CPU.ActiveCfg = Debug|x64
		{AFB286B0-4F3B-44AF-A7E3-C76CAB466143}.Debug|Any CPU.Build.0 = Debug|x64
		{AFB286B0-4F3B-44AF-A7E3-C76CAB466143}.Debug|x64.ActiveCfg = Debug|x64
		{AFB286B0-4F3B-44AF-A7E3-C76CAB466143}.Debug|x64.Build.0 = Debug|x64
		{AFB286B0-4F3B-44AF-A7E3-C76CAB466143}.Debug|x86.ActiveCfg = Debug|x64
		{AFB286B0-4F3B-44AF-A7E3-C76CAB466143}.Debug|x86.Build.0 = Debug|x64
		{AFB286B0-4F3B-44AF-A7E3-C76CAB466143}.Release|Any CPU.ActiveCfg = Release|x64
		{AFB286B0-4F3B-44AF-A7E3-C76CAB466143}.Release|Any CPU.Build.0 = Release|x64
		{AFB286B0-4F3B-44AF-A7E3-C76CAB466143}.Release|x64.ActiveCfg = Release|x64
		{AFB286B0-4F3B-44AF-A7E3-C76CAB466143}.Release|x64.Build.0 = Release|x64
		{AFB286B0-4F3B-44AF-A7E3-C76CAB466143}.Release|x86.ActiveCfg = Release|x64
		{AFB286B0-4F3B-44AF-A7E3-C76CAB466143}.Release|x86.Build.0 = Release|x64
		{270B0131-EFD0-47F4-94BB-160E58D2BACC}.Debug|Any CPU.ActiveCfg = Debug|x64
		{270B0131-EFD0-47F4-94BB-160E58D2BACC}.Debug|Any CPU.Build.0 = Debug|x64
		{270B0131-EFD0-47F4-94BB-160E58D2BACC}.Debug|x64.ActiveCfg = Debug|x64
		{270B0131-EFD0-47F4-94BB-160E58D2BACC}.Debug|x64.Build.0 = Debug|x64
		{270B0131-EFD0-47F4-94BB-160E58D2BACC}.Debug|x86.ActiveCfg = Debug|x64
		{270B0131-EFD0-47F4-94BB-160E58D2BACC}.Debug|x86.Build.0 = Debug|x64
		{270B0131-EFD0-47F4-94BB-160E58D2BACC}.Release|Any CPU.ActiveCfg = Release|x64
		{270B0131-EFD0-47F4-94BB-160E58D2BACC}.Release|Any CPU.Build.0 = Release|x64
		{270B0131-EFD0-47F4-94BB-160E58D2BACC}.Release|x64.ActiveCfg = Release|x64
		{270B0131-EFD0-47F4-94BB-160E58D2BACC}.Release|x64.Build.0 = Release|x64
		{270B0131-EFD0-47F4-94BB-160E58D2BACC}.Release|x86.ActiveCfg = Release|x64
		{270B0131-EFD0-47F4-94BB-160E58D2BACC}.Release|x86.Build.0 = Release|x64
		{EB611A55-F676-4743-8758-E75E263AF6E4}.Debug|Any CPU.ActiveCfg = Debug|x64
		{EB611A55-F676-4743-8758-E75E263AF6E4}.Debug|Any CPU.Build.0 = Debug|x64
		{EB611A55-F676-4743-8758-E75E263AF6E4}.Debug|x64.ActiveCfg = Debug|x64
		{EB611A55-F676-4743-8758-E75E263AF6E4}.Debug|x64.Build.0 = Debug|x64
		{EB611A55-F676-4743-8758-E75E263AF6E4}.Debug|x86.ActiveCfg = Debug|x64
		{EB611A55-F676-4743-8758-E75E263AF6E4}.Debug|x86.Build.0 = Debug|x64
		{EB611A55-F676-4743-8758-E75E263AF6E4}.Release|Any CPU.ActiveCfg = Release|x64
		{EB611A55-F676-4743-8758-E75E263AF6E4}.Release|Any CPU.Build.0 = Release|x64
		{EB611A55-F676-4743-8758-E75E263AF6E4}.Release|x64.ActiveCfg = Release|x64
		{EB611A55-F676-4743-8758-E75E263AF6E4}.Release|x64.Build.0 = Release|x64
		{EB611A55-F676-4743-8758-E75E263AF6E4}.Release|x86.ActiveCfg = Release|x64
		{EB611A55-F676-4743-8758-E75E263AF6E4}.Release|x86.Build.0 = Release|x64
		{1DC82B75-62B7-480E-A6C9-D5FBF3EAC1F0}.Debug|Any CPU.ActiveCfg = Debug|x64
		{1DC82B75-62B7-480E-A6C9-D5FBF3EAC1F0}.Debug|Any CPU.Build.0 = Debug|x64
		{1DC82B75-62B7-480E-A6C9-D5FBF3EAC1F0}.Debug|x64.ActiveCfg = Debug|x64
		{1DC82B75-62B7-480E-A6C9-D5FBF3EAC1F0}.Debug|x64.Build.0 = Debug|x64
		{1DC82B75-62B7-480E-A6C9-D5FBF3EAC1F0}.Debug|x86.ActiveCfg = Debug|x64
		{1DC82B75-62B7-480E-A6C9-D5FBF3EAC1F0}.Debug|x86.Build.0 = Debug|x64
		{1DC82B75-62B7-480E-A6C9-D5FBF3EAC1F0}.Release|Any CPU.ActiveCfg = Release|x64
		{1DC82B75-62B7-480E-A6C9-D5FBF3EAC1F0}.Release|Any CPU.Build.0 = Release|x64
		{1DC82B75-62B7-480E-A6C9-D5FBF3EAC1F0}.Release|x64.ActiveCfg = Release|x64
		{1DC82B75-62B7-480E-A6C9-D5FBF3EAC1F0}.Release|x64.Build.0 = Release|x64
		{1DC82B75-62B7-480E-A6C9-D5FBF3EAC1F0}.Release|x86.ActiveCfg = Release|x64
		{1DC82B75-62B7-480E-A6C9-D5FBF3EAC1F0}.Release|x86.Build.0 = Release|x64
		{B08752D0-1042-4D6E-96B6-09D94C58381D}.Debug|Any CPU.ActiveCfg = Debug|x64
		{B08752D0-1042-4D6E-96B6-09D94C58381D}.Debug|Any CPU.Build.0 = Debug|x64
		{B08752D0-1042-4D6E-96B6-09D94C58381D}.Debug|x64.ActiveCfg = Debug|x64
		{B08752D0-1042-4D6E-96B6-09D94C58381D}.Debug|x64.Build.0 = Debug|x64
		{B08752D0-1042-4D6E-96B6-09D94C58381D}.Debug|x86.ActiveCfg = Debug|x64
		{B08752D0-1042-4D6E-96B6-09D94C58381D}.Debug|x86.Build.0 = Debug|x64
		{B08752D0-1042-4D6E-96B6-09D94C58381D}.Release|Any CPU.ActiveCfg = Release|x64
		{B08752D0-1042-4D6E-96B6-09D94C58381D}.Release|Any CPU.Build.0 = Release|x64
		{B08752D0-1042-4D6E-96B6-09D94C58381D}.Release|x64.ActiveCfg = Release|x64
		{B08752D0-1042-4D6E-96B6-09D94C58381D}.Release|x64.Build.0 = Release|x64
		{B08752D0-1042-4D6E-96B6-09D94C58381D}.Release|x86.ActiveCfg = Release|x64
		{B08752D0-1042-4D6E-96B6-09D94C58381D}.Release|x86.Build.0 = Release|x64
		{9F117828-210B-4D87-9B8B-A10EDA25B77A}.Debug|Any CPU.ActiveCfg = Debug|x64
		{9F117828-210B-4D87-9B8B-A10EDA25B77A}.Debug|Any CPU.Build.0 = Debug|x64
		{9F117828-210B-4D87-9B8B-A10EDA25B77A}.Debug|x64.ActiveCfg = Debug|x64
		{9F117828-210B-4D87-9B8B-A10EDA25B77A}.Debug|x64.Build.0 = Debug|x64
		{9F117828-210B-4D87-9B8B-A10EDA25B77A}.Debug|x86.ActiveCfg = Debug|x64
		{9F117828-210B-4D87-9B8B-A10EDA25B77A}.Debug|x86.Build.0 = Debug|x64
		{9F117828-210B-4D87-9B8B-A10EDA25B77A}.Release|Any CPU.ActiveCfg = Release|x64
		{9F117828-210B-4D87-9B8B-A10EDA25B77A}.Release|Any CPU.Build.0 = Release|x64
		{9F117828-210B-4D87-9B8B-A10EDA25B77A}.Release|x64.ActiveCfg = Release|x64
		{9F117828-210B-4D87-9B8B-A10EDA25B77A}.Release|x64.Build.0 = Release|x64
		{9F117828-210B-4D87-9B8B-A10EDA25B77A}.Release|x86.ActiveCfg = Release|x64
		{9F117828-210B-4D87-9B8B-A10EDA25B77A}.Release|x86.Build.0 = Release|x64
		{B4C09B4F-4D66-4D5F-AB77-80F0BEBDD841}.Debug|Any CPU.ActiveCfg = Debug|x64
		{B4C09B4F-4D66-4D5F-AB77-80F0BEBDD841}.Debug|Any CPU.Build.0 = Debug|x64
		{B4C09B4F-4D66-4D5F-AB77-80F0BEBDD841}.Debug|x64.ActiveCfg = Debug|x64
		{B4C09B4F-4D66-4D5F-AB77-80F0BEBDD841}.Debug|x64.Build.0 = Debug|x64
		{B4C09B4F-4D66-4D5F-AB77-80F0BEBDD841}.Debug|x86.ActiveCfg = Debug|x64
		{B4C09B4F-4D66-4D5F-AB77-80F0BEBDD841}.Debug|x86.Build.0 = Debug|x64
		{B4C09B4F-4D66-4D5F-AB77-80F0BEBDD841}.Release|Any CPU.ActiveCfg = Release|x64
		{B4C09B4F-4D66-4D5F-AB77-80F0BEBDD841}.Release|Any CPU.Build.0 = Release|x64
		{B4C09B4F-4D66-4D5F-AB77-80F0BEBDD841}.Release|x64.ActiveCfg = Release|x64
		{B4C09B4F-4D66-4D5F-AB77-80F0BEBDD841}.Release|x64.Build.0 = Release|x64
		{B4C09B4F-4D66-4D5F-AB77-80F0BEBDD841}.Release|x86.ActiveCfg = Release|x64
		{B4C09B4F-4D66-4D5F-AB77-80F0BEBDD841}.Release|x86.Build.0 = Release|x64
		{795F606A-E731-45FE-92E9-220938E01432}.Debug|Any CPU.ActiveCfg = Debug|x64
		{795F606A-E731-45FE-92E9-220938E01432}.Debug|Any CPU.Build.0 = Debug|x64
		{795F606A-E731-45FE-92E9-220938E01432}.Debug|x64.ActiveCfg = Debug|x64
		{795F606A-E731-45FE-92E9-220938E01432}.Debug|x64.Build.0 = Debug|x64
		{795F606A-E731-45FE-92E9-220938E01432}.Debug|x86.ActiveCfg = Debug|x64
		{795F606A-E731-45FE-92E9-220938E01432}.Debug|x86.Build.0 = Debug|x64
		{795F606A-E731-45FE-92E9-220938E01432}.Release|Any CPU.ActiveCfg = Release|x64
		{795F606A-E731-45FE-92E9-220938E01432}.Release|Any CPU.Build.0 = Release|x64
		{795F606A-E731-45FE-92E9-220938E01432}.Release|x64.ActiveCfg = Release|x64
		{795F606A-E731-45FE-92E9-220938E01432}.Release|x64.Build.0 = Release|x64
		{795F606A-E731-45FE-92E9-220938E01432}.Release|x86.ActiveCfg = Release|x64
		{795F606A-E731-45FE-92E9-220938E01432}.Release|x86.Build.0 = Release|x64
		{341F3D7C-43D5-4575-92CC-DC3AA75C706B}.Debug|Any CPU.ActiveCfg = Debug|x64
		{341F3D7C-43D5-4575-92CC-DC3AA75C706B}.Debug|Any CPU.Build.0 = Debug|x64
		{341F3D7C-43D5-4575-92CC-DC3AA75C706B}.Debug|x64.ActiveCfg = Debug|x64
		{341F3D7C-43D5-4575-92CC-DC3AA75C706B}.Debug|x64.Build.0 = Debug|x64
		{341F3D7C-43D5-4575-92CC-DC3AA75C706B}.Debug|x86.ActiveCfg = Debug|x64
		{341F3D7C-43D5-4575-92CC-DC3AA75C706B}.Debug|x86.Build.0 = Debug|x64
		{341F3D7C-43D5-4575-92CC-DC3AA75C706B}.Release|Any CPU.ActiveCfg = Release|x64
		{341F3D7C-43D5-4575-92CC-DC3AA75C706B}.Release|Any CPU.Build.0 = Release|x64
		{341F3D7C-43D5-4575-92CC-DC3AA75C706B}.Release|x64.ActiveCfg = Release|x64
		{341F3D7C-43D5-4575-92CC-DC3AA75C706B}.Release|x64.Build.0 = Release|x64
		{341F3D7C-43D5-4575-92CC-DC3AA75C706B}.Release|x86.ActiveCfg = Release|x64
		{341F3D7C-43D5-4575-92CC-DC3AA75C706B}.Release|x86.Build.0 = Release|x64
	EndGlobalSection
	GlobalSection(SolutionProperties) = preSolution
		HideSolutionNode = FALSE
	EndGlobalSection
	GlobalSection(NestedProjects) = preSolution
		{B5D959DD-7ACD-4EA7-A096-90DBD4BD6EB9} = {95C1580C-95CB-4F10-BDF6-B6DC55F6CFCA}
		{D20E753F-1F46-4B21-AF81-4C7AD92860C8} = {B5D959DD-7ACD-4EA7-A096-90DBD4BD6EB9}
		{AFB286B0-4F3B-44AF-A7E3-C76CAB466143} = {B5D959DD-7ACD-4EA7-A096-90DBD4BD6EB9}
		{3F94BD6F-A723-44CD-94B3-EA33173A3BA0} = {95C1580C-95CB-4F10-BDF6-B6DC55F6CFCA}
		{270B0131-EFD0-47F4-94BB-160E58D2BACC} = {3F94BD6F-A723-44CD-94B3-EA33173A3BA0}
		{81397A88-CBE6-4441-8BAF-BF4CD9FB1506} = {116279CD-FAB6-410E-89AE-49E25CE34363}
		{EB611A55-F676-4743-8758-E75E263AF6E4} = {81397A88-CBE6-4441-8BAF-BF4CD9FB1506}
		{1DC82B75-62B7-480E-A6C9-D5FBF3EAC1F0} = {3F94BD6F-A723-44CD-94B3-EA33173A3BA0}
		{B08752D0-1042-4D6E-96B6-09D94C58381D} = {B5D959DD-7ACD-4EA7-A096-90DBD4BD6EB9}
		{B9BA4018-CE64-442A-A0AD-3C0508FB5C69} = {95C1580C-95CB-4F10-BDF6-B6DC55F6CFCA}
		{9F117828-210B-4D87-9B8B-A10EDA25B77A} = {B9BA4018-CE64-442A-A0AD-3C0508FB5C69}
		{BC3210BE-4B0C-423E-B067-17A941595904} = {116279CD-FAB6-410E-89AE-49E25CE34363}
		{B4C09B4F-4D66-4D5F-AB77-80F0BEBDD841} = {BC3210BE-4B0C-423E-B067-17A941595904}
		{795F606A-E731-45FE-92E9-220938E01432} = {B9BA4018-CE64-442A-A0AD-3C0508FB5C69}
		{341F3D7C-43D5-4575-92CC-DC3AA75C706B} = {B9BA4018-CE64-442A-A0AD-3C0508FB5C69}
	EndGlobalSection
EndGlobal
