
Microsoft Visual Studio Solution File, Format Version 12.00
# Visual Studio Version 17
VisualStudioVersion = 17.0.31903.59
MinimumVisualStudioVersion = 10.0.40219.1
Project("{2150E333-8FDC-42A3-9474-1A3956D46DE8}") = "samples", "samples", "{AAEEEB6C-FC0A-4499-8C6C-98970F351DBB}"
EndProject
Project("{2150E333-8FDC-42A3-9474-1A3956D46DE8}") = "workflow", "workflow", "{CA4E32D2-FEBF-4BA9-9A7C-7686578F3F9D}"
EndProject
Project("{FAE04EC0-301F-11D3-BF4B-00C04F79EFBC}") = "WorkflowConsoleExample", "samples\workflow\WorkflowConsoleExample\WorkflowConsoleExample.csproj", "{E3D3F3ED-F9F2-4DFC-9798-8B19DC33B080}"
EndProject
Project("{2150E333-8FDC-42A3-9474-1A3956D46DE8}") = "src", "src", "{5BD7A111-3F0B-4BA7-84CC-8C69905AF037}"
EndProject
Project("{2150E333-8FDC-42A3-9474-1A3956D46DE8}") = "workflow", "workflow", "{90626B53-16BC-4A27-9D3E-2D661F743F7F}"
EndProject
Project("{FAE04EC0-301F-11D3-BF4B-00C04F79EFBC}") = "KlabTestFramework.Workflow.Lib", "src\workflow\KlabTestFramework.Workflow.Lib\KlabTestFramework.Workflow.Lib.csproj", "{007603BC-CE1E-4FA3-9FDE-3E6E7ACB0DCB}"
EndProject
Project("{FAE04EC0-301F-11D3-BF4B-00C04F79EFBC}") = "KlabTestFramework.Workflow.Lib.Contracts", "src\workflow\KlabTestFramework.Workflow.Lib.Contracts\KlabTestFramework.Workflow.Lib.Contracts.csproj", "{075B4B7A-2382-487E-A2F7-078AC6B9904C}"
EndProject
Project("{FAE04EC0-301F-11D3-BF4B-00C04F79EFBC}") = "KlabTestFramework.Workflow.Lib.Tests", "src\workflow\KlabTestFramework.Workflow.Lib.Tests\KlabTestFramework.Workflow.Lib.Tests.csproj", "{65483F06-E8F0-4394-AE02-C7F56C865556}"
EndProject
Global
	GlobalSection(SolutionConfigurationPlatforms) = preSolution
		Debug|Any CPU = Debug|Any CPU
		Debug|x64 = Debug|x64
		Debug|x86 = Debug|x86
		Release|Any CPU = Release|Any CPU
		Release|x64 = Release|x64
		Release|x86 = Release|x86
	EndGlobalSection
	GlobalSection(ProjectConfigurationPlatforms) = postSolution
		{E3D3F3ED-F9F2-4DFC-9798-8B19DC33B080}.Debug|Any CPU.ActiveCfg = Debug|Any CPU
		{E3D3F3ED-F9F2-4DFC-9798-8B19DC33B080}.Debug|Any CPU.Build.0 = Debug|Any CPU
		{E3D3F3ED-F9F2-4DFC-9798-8B19DC33B080}.Debug|x64.ActiveCfg = Debug|Any CPU
		{E3D3F3ED-F9F2-4DFC-9798-8B19DC33B080}.Debug|x64.Build.0 = Debug|Any CPU
		{E3D3F3ED-F9F2-4DFC-9798-8B19DC33B080}.Debug|x86.ActiveCfg = Debug|Any CPU
		{E3D3F3ED-F9F2-4DFC-9798-8B19DC33B080}.Debug|x86.Build.0 = Debug|Any CPU
		{E3D3F3ED-F9F2-4DFC-9798-8B19DC33B080}.Release|Any CPU.ActiveCfg = Release|Any CPU
		{E3D3F3ED-F9F2-4DFC-9798-8B19DC33B080}.Release|Any CPU.Build.0 = Release|Any CPU
		{E3D3F3ED-F9F2-4DFC-9798-8B19DC33B080}.Release|x64.ActiveCfg = Release|Any CPU
		{E3D3F3ED-F9F2-4DFC-9798-8B19DC33B080}.Release|x64.Build.0 = Release|Any CPU
		{E3D3F3ED-F9F2-4DFC-9798-8B19DC33B080}.Release|x86.ActiveCfg = Release|Any CPU
		{E3D3F3ED-F9F2-4DFC-9798-8B19DC33B080}.Release|x86.Build.0 = Release|Any CPU
		{007603BC-CE1E-4FA3-9FDE-3E6E7ACB0DCB}.Debug|Any CPU.ActiveCfg = Debug|x64
		{007603BC-CE1E-4FA3-9FDE-3E6E7ACB0DCB}.Debug|Any CPU.Build.0 = Debug|x64
		{007603BC-CE1E-4FA3-9FDE-3E6E7ACB0DCB}.Debug|x64.ActiveCfg = Debug|x64
		{007603BC-CE1E-4FA3-9FDE-3E6E7ACB0DCB}.Debug|x64.Build.0 = Debug|x64
		{007603BC-CE1E-4FA3-9FDE-3E6E7ACB0DCB}.Debug|x86.ActiveCfg = Debug|x64
		{007603BC-CE1E-4FA3-9FDE-3E6E7ACB0DCB}.Debug|x86.Build.0 = Debug|x64
		{007603BC-CE1E-4FA3-9FDE-3E6E7ACB0DCB}.Release|Any CPU.ActiveCfg = Release|x64
		{007603BC-CE1E-4FA3-9FDE-3E6E7ACB0DCB}.Release|Any CPU.Build.0 = Release|x64
		{007603BC-CE1E-4FA3-9FDE-3E6E7ACB0DCB}.Release|x64.ActiveCfg = Release|x64
		{007603BC-CE1E-4FA3-9FDE-3E6E7ACB0DCB}.Release|x64.Build.0 = Release|x64
		{007603BC-CE1E-4FA3-9FDE-3E6E7ACB0DCB}.Release|x86.ActiveCfg = Release|x64
		{007603BC-CE1E-4FA3-9FDE-3E6E7ACB0DCB}.Release|x86.Build.0 = Release|x64
		{075B4B7A-2382-487E-A2F7-078AC6B9904C}.Debug|Any CPU.ActiveCfg = Debug|x64
		{075B4B7A-2382-487E-A2F7-078AC6B9904C}.Debug|Any CPU.Build.0 = Debug|x64
		{075B4B7A-2382-487E-A2F7-078AC6B9904C}.Debug|x64.ActiveCfg = Debug|x64
		{075B4B7A-2382-487E-A2F7-078AC6B9904C}.Debug|x64.Build.0 = Debug|x64
		{075B4B7A-2382-487E-A2F7-078AC6B9904C}.Debug|x86.ActiveCfg = Debug|x64
		{075B4B7A-2382-487E-A2F7-078AC6B9904C}.Debug|x86.Build.0 = Debug|x64
		{075B4B7A-2382-487E-A2F7-078AC6B9904C}.Release|Any CPU.ActiveCfg = Release|x64
		{075B4B7A-2382-487E-A2F7-078AC6B9904C}.Release|Any CPU.Build.0 = Release|x64
		{075B4B7A-2382-487E-A2F7-078AC6B9904C}.Release|x64.ActiveCfg = Release|x64
		{075B4B7A-2382-487E-A2F7-078AC6B9904C}.Release|x64.Build.0 = Release|x64
		{075B4B7A-2382-487E-A2F7-078AC6B9904C}.Release|x86.ActiveCfg = Release|x64
		{075B4B7A-2382-487E-A2F7-078AC6B9904C}.Release|x86.Build.0 = Release|x64
		{65483F06-E8F0-4394-AE02-C7F56C865556}.Debug|Any CPU.ActiveCfg = Debug|x64
		{65483F06-E8F0-4394-AE02-C7F56C865556}.Debug|Any CPU.Build.0 = Debug|x64
		{65483F06-E8F0-4394-AE02-C7F56C865556}.Debug|x64.ActiveCfg = Debug|x64
		{65483F06-E8F0-4394-AE02-C7F56C865556}.Debug|x64.Build.0 = Debug|x64
		{65483F06-E8F0-4394-AE02-C7F56C865556}.Debug|x86.ActiveCfg = Debug|x64
		{65483F06-E8F0-4394-AE02-C7F56C865556}.Debug|x86.Build.0 = Debug|x64
		{65483F06-E8F0-4394-AE02-C7F56C865556}.Release|Any CPU.ActiveCfg = Release|x64
		{65483F06-E8F0-4394-AE02-C7F56C865556}.Release|Any CPU.Build.0 = Release|x64
		{65483F06-E8F0-4394-AE02-C7F56C865556}.Release|x64.ActiveCfg = Release|x64
		{65483F06-E8F0-4394-AE02-C7F56C865556}.Release|x64.Build.0 = Release|x64
		{65483F06-E8F0-4394-AE02-C7F56C865556}.Release|x86.ActiveCfg = Release|x64
		{65483F06-E8F0-4394-AE02-C7F56C865556}.Release|x86.Build.0 = Release|x64
	EndGlobalSection
	GlobalSection(NestedProjects) = preSolution
		{CA4E32D2-FEBF-4BA9-9A7C-7686578F3F9D} = {AAEEEB6C-FC0A-4499-8C6C-98970F351DBB}
		{E3D3F3ED-F9F2-4DFC-9798-8B19DC33B080} = {CA4E32D2-FEBF-4BA9-9A7C-7686578F3F9D}
		{90626B53-16BC-4A27-9D3E-2D661F743F7F} = {5BD7A111-3F0B-4BA7-84CC-8C69905AF037}
		{007603BC-CE1E-4FA3-9FDE-3E6E7ACB0DCB} = {90626B53-16BC-4A27-9D3E-2D661F743F7F}
		{075B4B7A-2382-487E-A2F7-078AC6B9904C} = {90626B53-16BC-4A27-9D3E-2D661F743F7F}
		{65483F06-E8F0-4394-AE02-C7F56C865556} = {90626B53-16BC-4A27-9D3E-2D661F743F7F}
	EndGlobalSection
EndGlobal
